// !$*UTF8*$!
{
	archiveVersion = 1;
	classes = {
	};
	objectVersion = 46;
	objects = {

/* Begin PBXBuildFile section */
		CF1C41D51BE7B06600B834EF /* ContactsTableViewController.m in Sources */ = {isa = PBXBuildFile; fileRef = CF1C41D41BE7B06600B834EF /* ContactsTableViewController.m */; };
		CF1DDED61BE3B5CA00B57D5F /* CustomHandyRefCell.m in Sources */ = {isa = PBXBuildFile; fileRef = CF1DDED51BE3B5CA00B57D5F /* CustomHandyRefCell.m */; };
		CF2863A91BDA8B860005ABA0 /* ElevatorPitchViewController.m in Sources */ = {isa = PBXBuildFile; fileRef = CF2863A81BDA8B860005ABA0 /* ElevatorPitchViewController.m */; };
		CF2863AC1BDA8F610005ABA0 /* CRMTableVC.m in Sources */ = {isa = PBXBuildFile; fileRef = CF2863AB1BDA8F610005ABA0 /* CRMTableVC.m */; };
		CF2863AE1BDA904C0005ABA0 /* AddressBook.framework in Frameworks */ = {isa = PBXBuildFile; fileRef = CF2863AD1BDA904C0005ABA0 /* AddressBook.framework */; };
		CF2863B01BDA90540005ABA0 /* AddressBookUI.framework in Frameworks */ = {isa = PBXBuildFile; fileRef = CF2863AF1BDA90540005ABA0 /* AddressBookUI.framework */; };
		CF2863B31BDA98820005ABA0 /* CustomPersonCell.m in Sources */ = {isa = PBXBuildFile; fileRef = CF2863B21BDA98820005ABA0 /* CustomPersonCell.m */; };
		CF2863BC1BDA996C0005ABA0 /* Bolts.framework in Frameworks */ = {isa = PBXBuildFile; fileRef = CF2863B51BDA996C0005ABA0 /* Bolts.framework */; };
		CF2863BD1BDA996C0005ABA0 /* Parse.framework in Frameworks */ = {isa = PBXBuildFile; fileRef = CF2863B61BDA996C0005ABA0 /* Parse.framework */; };
		CF2863BE1BDA996C0005ABA0 /* ParseCrashReporting.framework in Frameworks */ = {isa = PBXBuildFile; fileRef = CF2863B71BDA996C0005ABA0 /* ParseCrashReporting.framework */; };
		CF2863BF1BDA996C0005ABA0 /* ParseFacebookUtils.framework in Frameworks */ = {isa = PBXBuildFile; fileRef = CF2863B81BDA996C0005ABA0 /* ParseFacebookUtils.framework */; };
		CF2863C01BDA996C0005ABA0 /* ParseFacebookUtilsV4.framework in Frameworks */ = {isa = PBXBuildFile; fileRef = CF2863B91BDA996C0005ABA0 /* ParseFacebookUtilsV4.framework */; };
		CF2863C11BDA996C0005ABA0 /* ParseTwitterUtils.framework in Frameworks */ = {isa = PBXBuildFile; fileRef = CF2863BA1BDA996C0005ABA0 /* ParseTwitterUtils.framework */; };
		CF2863C21BDA996C0005ABA0 /* ParseUI.framework in Frameworks */ = {isa = PBXBuildFile; fileRef = CF2863BB1BDA996C0005ABA0 /* ParseUI.framework */; };
		CF2863C41BDA999C0005ABA0 /* AudioToolbox.framework in Frameworks */ = {isa = PBXBuildFile; fileRef = CF2863C31BDA999C0005ABA0 /* AudioToolbox.framework */; };
		CF2863C61BDA99A40005ABA0 /* CFNetwork.framework in Frameworks */ = {isa = PBXBuildFile; fileRef = CF2863C51BDA99A40005ABA0 /* CFNetwork.framework */; };
		CF2863C81BDA99AC0005ABA0 /* CoreGraphics.framework in Frameworks */ = {isa = PBXBuildFile; fileRef = CF2863C71BDA99AC0005ABA0 /* CoreGraphics.framework */; };
		CF2863CA1BDA99B30005ABA0 /* CoreLocation.framework in Frameworks */ = {isa = PBXBuildFile; fileRef = CF2863C91BDA99B30005ABA0 /* CoreLocation.framework */; };
		CF2863CC1BDA99BA0005ABA0 /* QuartzCore.framework in Frameworks */ = {isa = PBXBuildFile; fileRef = CF2863CB1BDA99BA0005ABA0 /* QuartzCore.framework */; };
		CF2863CE1BDA99C10005ABA0 /* Security.framework in Frameworks */ = {isa = PBXBuildFile; fileRef = CF2863CD1BDA99C10005ABA0 /* Security.framework */; };
		CF2863D01BDA99C80005ABA0 /* StoreKit.framework in Frameworks */ = {isa = PBXBuildFile; fileRef = CF2863CF1BDA99C80005ABA0 /* StoreKit.framework */; };
		CF2863D21BDA99D20005ABA0 /* SystemConfiguration.framework in Frameworks */ = {isa = PBXBuildFile; fileRef = CF2863D11BDA99D20005ABA0 /* SystemConfiguration.framework */; };
		CF2863D41BDA99DB0005ABA0 /* libz.tbd in Frameworks */ = {isa = PBXBuildFile; fileRef = CF2863D31BDA99DB0005ABA0 /* libz.tbd */; };
		CF2863D61BDA99E40005ABA0 /* libsqlite3.tbd in Frameworks */ = {isa = PBXBuildFile; fileRef = CF2863D51BDA99E40005ABA0 /* libsqlite3.tbd */; };
		CF2863D81BDA99ED0005ABA0 /* Accounts.framework in Frameworks */ = {isa = PBXBuildFile; fileRef = CF2863D71BDA99ED0005ABA0 /* Accounts.framework */; };
		CF2863DA1BDA99F40005ABA0 /* Social.framework in Frameworks */ = {isa = PBXBuildFile; fileRef = CF2863D91BDA99F40005ABA0 /* Social.framework */; };
		CF2863DD1BDAA5570005ABA0 /* Person.m in Sources */ = {isa = PBXBuildFile; fileRef = CF2863DC1BDAA5570005ABA0 /* Person.m */; };
		CF2863E01BDAA56B0005ABA0 /* PersonController.m in Sources */ = {isa = PBXBuildFile; fileRef = CF2863DF1BDAA56B0005ABA0 /* PersonController.m */; };
		CF661CA41BEA74AA00818B7C /* Appearance.m in Sources */ = {isa = PBXBuildFile; fileRef = CF661CA31BEA74AA00818B7C /* Appearance.m */; };
		CF78B1881BCC110B00FDC2CF /* main.m in Sources */ = {isa = PBXBuildFile; fileRef = CF78B1871BCC110B00FDC2CF /* main.m */; };
		CF78B18B1BCC110B00FDC2CF /* AppDelegate.m in Sources */ = {isa = PBXBuildFile; fileRef = CF78B18A1BCC110B00FDC2CF /* AppDelegate.m */; };
		CF78B1941BCC110B00FDC2CF /* Main.storyboard in Resources */ = {isa = PBXBuildFile; fileRef = CF78B1921BCC110B00FDC2CF /* Main.storyboard */; };
		CF78B1961BCC110B00FDC2CF /* Assets.xcassets in Resources */ = {isa = PBXBuildFile; fileRef = CF78B1951BCC110B00FDC2CF /* Assets.xcassets */; };
		CF78B1991BCC110B00FDC2CF /* LaunchScreen.storyboard in Resources */ = {isa = PBXBuildFile; fileRef = CF78B1971BCC110B00FDC2CF /* LaunchScreen.storyboard */; };
		CF78B1A41BCC110B00FDC2CF /* QuickMARSalesTests.m in Sources */ = {isa = PBXBuildFile; fileRef = CF78B1A31BCC110B00FDC2CF /* QuickMARSalesTests.m */; };
		CF78B1AF1BCC110B00FDC2CF /* QuickMARSalesUITests.m in Sources */ = {isa = PBXBuildFile; fileRef = CF78B1AE1BCC110B00FDC2CF /* QuickMARSalesUITests.m */; };
		CF78B1BE1BCC12DD00FDC2CF /* HomeViewController.m in Sources */ = {isa = PBXBuildFile; fileRef = CF78B1BD1BCC12DD00FDC2CF /* HomeViewController.m */; };
		CF78B1C11BCC130500FDC2CF /* SalesToolsViewController.m in Sources */ = {isa = PBXBuildFile; fileRef = CF78B1C01BCC130500FDC2CF /* SalesToolsViewController.m */; };
		CF78B1C41BCC132400FDC2CF /* HandyRefViewController.m in Sources */ = {isa = PBXBuildFile; fileRef = CF78B1C31BCC132400FDC2CF /* HandyRefViewController.m */; };
		CF78B1C61BCC19DC00FDC2CF /* YTPlayerView-iframe-player.html in Resources */ = {isa = PBXBuildFile; fileRef = CF78B1C51BCC19DC00FDC2CF /* YTPlayerView-iframe-player.html */; };
		CF78B1C91BCC19E600FDC2CF /* YTPlayerView.m in Sources */ = {isa = PBXBuildFile; fileRef = CF78B1C81BCC19E600FDC2CF /* YTPlayerView.m */; };
		CF91AE2C1BE9140800C99107 /* MaterialsTableViewController.m in Sources */ = {isa = PBXBuildFile; fileRef = CF91AE2B1BE9140800C99107 /* MaterialsTableViewController.m */; };
/* End PBXBuildFile section */

/* Begin PBXContainerItemProxy section */
		CF78B1A01BCC110B00FDC2CF /* PBXContainerItemProxy */ = {
			isa = PBXContainerItemProxy;
			containerPortal = CF78B17B1BCC110B00FDC2CF /* Project object */;
			proxyType = 1;
			remoteGlobalIDString = CF78B1821BCC110B00FDC2CF;
			remoteInfo = QuickMARSales;
		};
		CF78B1AB1BCC110B00FDC2CF /* PBXContainerItemProxy */ = {
			isa = PBXContainerItemProxy;
			containerPortal = CF78B17B1BCC110B00FDC2CF /* Project object */;
			proxyType = 1;
			remoteGlobalIDString = CF78B1821BCC110B00FDC2CF;
			remoteInfo = QuickMARSales;
		};
/* End PBXContainerItemProxy section */

/* Begin PBXFileReference section */
		CF1C41D31BE7B06600B834EF /* ContactsTableViewController.h */ = {isa = PBXFileReference; fileEncoding = 4; lastKnownFileType = sourcecode.c.h; path = ContactsTableViewController.h; sourceTree = "<group>"; };
		CF1C41D41BE7B06600B834EF /* ContactsTableViewController.m */ = {isa = PBXFileReference; fileEncoding = 4; lastKnownFileType = sourcecode.c.objc; path = ContactsTableViewController.m; sourceTree = "<group>"; };
		CF1DDED41BE3B5CA00B57D5F /* CustomHandyRefCell.h */ = {isa = PBXFileReference; fileEncoding = 4; lastKnownFileType = sourcecode.c.h; path = CustomHandyRefCell.h; sourceTree = "<group>"; };
		CF1DDED51BE3B5CA00B57D5F /* CustomHandyRefCell.m */ = {isa = PBXFileReference; fileEncoding = 4; lastKnownFileType = sourcecode.c.objc; path = CustomHandyRefCell.m; sourceTree = "<group>"; };
		CF2863A71BDA8B860005ABA0 /* ElevatorPitchViewController.h */ = {isa = PBXFileReference; fileEncoding = 4; lastKnownFileType = sourcecode.c.h; path = ElevatorPitchViewController.h; sourceTree = "<group>"; };
		CF2863A81BDA8B860005ABA0 /* ElevatorPitchViewController.m */ = {isa = PBXFileReference; fileEncoding = 4; lastKnownFileType = sourcecode.c.objc; path = ElevatorPitchViewController.m; sourceTree = "<group>"; };
		CF2863AA1BDA8F610005ABA0 /* CRMTableVC.h */ = {isa = PBXFileReference; fileEncoding = 4; lastKnownFileType = sourcecode.c.h; path = CRMTableVC.h; sourceTree = "<group>"; };
		CF2863AB1BDA8F610005ABA0 /* CRMTableVC.m */ = {isa = PBXFileReference; fileEncoding = 4; lastKnownFileType = sourcecode.c.objc; path = CRMTableVC.m; sourceTree = "<group>"; };
		CF2863AD1BDA904C0005ABA0 /* AddressBook.framework */ = {isa = PBXFileReference; lastKnownFileType = wrapper.framework; name = AddressBook.framework; path = System/Library/Frameworks/AddressBook.framework; sourceTree = SDKROOT; };
		CF2863AF1BDA90540005ABA0 /* AddressBookUI.framework */ = {isa = PBXFileReference; lastKnownFileType = wrapper.framework; name = AddressBookUI.framework; path = System/Library/Frameworks/AddressBookUI.framework; sourceTree = SDKROOT; };
		CF2863B11BDA98820005ABA0 /* CustomPersonCell.h */ = {isa = PBXFileReference; fileEncoding = 4; lastKnownFileType = sourcecode.c.h; path = CustomPersonCell.h; sourceTree = "<group>"; };
		CF2863B21BDA98820005ABA0 /* CustomPersonCell.m */ = {isa = PBXFileReference; fileEncoding = 4; lastKnownFileType = sourcecode.c.objc; path = CustomPersonCell.m; sourceTree = "<group>"; };
		CF2863B51BDA996C0005ABA0 /* Bolts.framework */ = {isa = PBXFileReference; lastKnownFileType = wrapper.framework; path = Bolts.framework; sourceTree = "<group>"; };
		CF2863B61BDA996C0005ABA0 /* Parse.framework */ = {isa = PBXFileReference; lastKnownFileType = wrapper.framework; path = Parse.framework; sourceTree = "<group>"; };
		CF2863B71BDA996C0005ABA0 /* ParseCrashReporting.framework */ = {isa = PBXFileReference; lastKnownFileType = wrapper.framework; path = ParseCrashReporting.framework; sourceTree = "<group>"; };
		CF2863B81BDA996C0005ABA0 /* ParseFacebookUtils.framework */ = {isa = PBXFileReference; lastKnownFileType = wrapper.framework; path = ParseFacebookUtils.framework; sourceTree = "<group>"; };
		CF2863B91BDA996C0005ABA0 /* ParseFacebookUtilsV4.framework */ = {isa = PBXFileReference; lastKnownFileType = wrapper.framework; path = ParseFacebookUtilsV4.framework; sourceTree = "<group>"; };
		CF2863BA1BDA996C0005ABA0 /* ParseTwitterUtils.framework */ = {isa = PBXFileReference; lastKnownFileType = wrapper.framework; path = ParseTwitterUtils.framework; sourceTree = "<group>"; };
		CF2863BB1BDA996C0005ABA0 /* ParseUI.framework */ = {isa = PBXFileReference; lastKnownFileType = wrapper.framework; path = ParseUI.framework; sourceTree = "<group>"; };
		CF2863C31BDA999C0005ABA0 /* AudioToolbox.framework */ = {isa = PBXFileReference; lastKnownFileType = wrapper.framework; name = AudioToolbox.framework; path = System/Library/Frameworks/AudioToolbox.framework; sourceTree = SDKROOT; };
		CF2863C51BDA99A40005ABA0 /* CFNetwork.framework */ = {isa = PBXFileReference; lastKnownFileType = wrapper.framework; name = CFNetwork.framework; path = System/Library/Frameworks/CFNetwork.framework; sourceTree = SDKROOT; };
		CF2863C71BDA99AC0005ABA0 /* CoreGraphics.framework */ = {isa = PBXFileReference; lastKnownFileType = wrapper.framework; name = CoreGraphics.framework; path = System/Library/Frameworks/CoreGraphics.framework; sourceTree = SDKROOT; };
		CF2863C91BDA99B30005ABA0 /* CoreLocation.framework */ = {isa = PBXFileReference; lastKnownFileType = wrapper.framework; name = CoreLocation.framework; path = System/Library/Frameworks/CoreLocation.framework; sourceTree = SDKROOT; };
		CF2863CB1BDA99BA0005ABA0 /* QuartzCore.framework */ = {isa = PBXFileReference; lastKnownFileType = wrapper.framework; name = QuartzCore.framework; path = System/Library/Frameworks/QuartzCore.framework; sourceTree = SDKROOT; };
		CF2863CD1BDA99C10005ABA0 /* Security.framework */ = {isa = PBXFileReference; lastKnownFileType = wrapper.framework; name = Security.framework; path = System/Library/Frameworks/Security.framework; sourceTree = SDKROOT; };
		CF2863CF1BDA99C80005ABA0 /* StoreKit.framework */ = {isa = PBXFileReference; lastKnownFileType = wrapper.framework; name = StoreKit.framework; path = System/Library/Frameworks/StoreKit.framework; sourceTree = SDKROOT; };
		CF2863D11BDA99D20005ABA0 /* SystemConfiguration.framework */ = {isa = PBXFileReference; lastKnownFileType = wrapper.framework; name = SystemConfiguration.framework; path = System/Library/Frameworks/SystemConfiguration.framework; sourceTree = SDKROOT; };
		CF2863D31BDA99DB0005ABA0 /* libz.tbd */ = {isa = PBXFileReference; lastKnownFileType = "sourcecode.text-based-dylib-definition"; name = libz.tbd; path = usr/lib/libz.tbd; sourceTree = SDKROOT; };
		CF2863D51BDA99E40005ABA0 /* libsqlite3.tbd */ = {isa = PBXFileReference; lastKnownFileType = "sourcecode.text-based-dylib-definition"; name = libsqlite3.tbd; path = usr/lib/libsqlite3.tbd; sourceTree = SDKROOT; };
		CF2863D71BDA99ED0005ABA0 /* Accounts.framework */ = {isa = PBXFileReference; lastKnownFileType = wrapper.framework; name = Accounts.framework; path = System/Library/Frameworks/Accounts.framework; sourceTree = SDKROOT; };
		CF2863D91BDA99F40005ABA0 /* Social.framework */ = {isa = PBXFileReference; lastKnownFileType = wrapper.framework; name = Social.framework; path = System/Library/Frameworks/Social.framework; sourceTree = SDKROOT; };
		CF2863DB1BDAA5570005ABA0 /* Person.h */ = {isa = PBXFileReference; fileEncoding = 4; lastKnownFileType = sourcecode.c.h; path = Person.h; sourceTree = "<group>"; };
		CF2863DC1BDAA5570005ABA0 /* Person.m */ = {isa = PBXFileReference; fileEncoding = 4; lastKnownFileType = sourcecode.c.objc; path = Person.m; sourceTree = "<group>"; };
		CF2863DE1BDAA56B0005ABA0 /* PersonController.h */ = {isa = PBXFileReference; fileEncoding = 4; lastKnownFileType = sourcecode.c.h; path = PersonController.h; sourceTree = "<group>"; };
		CF2863DF1BDAA56B0005ABA0 /* PersonController.m */ = {isa = PBXFileReference; fileEncoding = 4; lastKnownFileType = sourcecode.c.objc; path = PersonController.m; sourceTree = "<group>"; };
		CF661CA21BEA74AA00818B7C /* Appearance.h */ = {isa = PBXFileReference; fileEncoding = 4; lastKnownFileType = sourcecode.c.h; path = Appearance.h; sourceTree = "<group>"; };
		CF661CA31BEA74AA00818B7C /* Appearance.m */ = {isa = PBXFileReference; fileEncoding = 4; lastKnownFileType = sourcecode.c.objc; path = Appearance.m; sourceTree = "<group>"; };
		CF78B1831BCC110B00FDC2CF /* QuickMARSales.app */ = {isa = PBXFileReference; explicitFileType = wrapper.application; includeInIndex = 0; path = QuickMARSales.app; sourceTree = BUILT_PRODUCTS_DIR; };
		CF78B1871BCC110B00FDC2CF /* main.m */ = {isa = PBXFileReference; lastKnownFileType = sourcecode.c.objc; path = main.m; sourceTree = "<group>"; };
		CF78B1891BCC110B00FDC2CF /* AppDelegate.h */ = {isa = PBXFileReference; lastKnownFileType = sourcecode.c.h; path = AppDelegate.h; sourceTree = "<group>"; };
		CF78B18A1BCC110B00FDC2CF /* AppDelegate.m */ = {isa = PBXFileReference; lastKnownFileType = sourcecode.c.objc; path = AppDelegate.m; sourceTree = "<group>"; };
		CF78B1931BCC110B00FDC2CF /* Base */ = {isa = PBXFileReference; lastKnownFileType = file.storyboard; name = Base; path = Base.lproj/Main.storyboard; sourceTree = "<group>"; };
		CF78B1951BCC110B00FDC2CF /* Assets.xcassets */ = {isa = PBXFileReference; lastKnownFileType = folder.assetcatalog; path = Assets.xcassets; sourceTree = "<group>"; };
		CF78B1981BCC110B00FDC2CF /* Base */ = {isa = PBXFileReference; lastKnownFileType = file.storyboard; name = Base; path = Base.lproj/LaunchScreen.storyboard; sourceTree = "<group>"; };
		CF78B19A1BCC110B00FDC2CF /* Info.plist */ = {isa = PBXFileReference; lastKnownFileType = text.plist.xml; path = Info.plist; sourceTree = "<group>"; };
		CF78B19F1BCC110B00FDC2CF /* QuickMARSalesTests.xctest */ = {isa = PBXFileReference; explicitFileType = wrapper.cfbundle; includeInIndex = 0; path = QuickMARSalesTests.xctest; sourceTree = BUILT_PRODUCTS_DIR; };
		CF78B1A31BCC110B00FDC2CF /* QuickMARSalesTests.m */ = {isa = PBXFileReference; lastKnownFileType = sourcecode.c.objc; path = QuickMARSalesTests.m; sourceTree = "<group>"; };
		CF78B1A51BCC110B00FDC2CF /* Info.plist */ = {isa = PBXFileReference; lastKnownFileType = text.plist.xml; path = Info.plist; sourceTree = "<group>"; };
		CF78B1AA1BCC110B00FDC2CF /* QuickMARSalesUITests.xctest */ = {isa = PBXFileReference; explicitFileType = wrapper.cfbundle; includeInIndex = 0; path = QuickMARSalesUITests.xctest; sourceTree = BUILT_PRODUCTS_DIR; };
		CF78B1AE1BCC110B00FDC2CF /* QuickMARSalesUITests.m */ = {isa = PBXFileReference; lastKnownFileType = sourcecode.c.objc; path = QuickMARSalesUITests.m; sourceTree = "<group>"; };
		CF78B1B01BCC110B00FDC2CF /* Info.plist */ = {isa = PBXFileReference; lastKnownFileType = text.plist.xml; path = Info.plist; sourceTree = "<group>"; };
		CF78B1BC1BCC12DD00FDC2CF /* HomeViewController.h */ = {isa = PBXFileReference; fileEncoding = 4; lastKnownFileType = sourcecode.c.h; path = HomeViewController.h; sourceTree = "<group>"; };
		CF78B1BD1BCC12DD00FDC2CF /* HomeViewController.m */ = {isa = PBXFileReference; fileEncoding = 4; lastKnownFileType = sourcecode.c.objc; path = HomeViewController.m; sourceTree = "<group>"; };
		CF78B1BF1BCC130500FDC2CF /* SalesToolsViewController.h */ = {isa = PBXFileReference; fileEncoding = 4; lastKnownFileType = sourcecode.c.h; path = SalesToolsViewController.h; sourceTree = "<group>"; };
		CF78B1C01BCC130500FDC2CF /* SalesToolsViewController.m */ = {isa = PBXFileReference; fileEncoding = 4; lastKnownFileType = sourcecode.c.objc; path = SalesToolsViewController.m; sourceTree = "<group>"; };
		CF78B1C21BCC132400FDC2CF /* HandyRefViewController.h */ = {isa = PBXFileReference; fileEncoding = 4; lastKnownFileType = sourcecode.c.h; path = HandyRefViewController.h; sourceTree = "<group>"; };
		CF78B1C31BCC132400FDC2CF /* HandyRefViewController.m */ = {isa = PBXFileReference; fileEncoding = 4; lastKnownFileType = sourcecode.c.objc; path = HandyRefViewController.m; sourceTree = "<group>"; };
		CF78B1C51BCC19DC00FDC2CF /* YTPlayerView-iframe-player.html */ = {isa = PBXFileReference; fileEncoding = 4; lastKnownFileType = text.html; path = "YTPlayerView-iframe-player.html"; sourceTree = "<group>"; };
		CF78B1C71BCC19E600FDC2CF /* YTPlayerView.h */ = {isa = PBXFileReference; fileEncoding = 4; lastKnownFileType = sourcecode.c.h; path = YTPlayerView.h; sourceTree = "<group>"; };
		CF78B1C81BCC19E600FDC2CF /* YTPlayerView.m */ = {isa = PBXFileReference; fileEncoding = 4; lastKnownFileType = sourcecode.c.objc; path = YTPlayerView.m; sourceTree = "<group>"; };
		CF91AE2A1BE9140800C99107 /* MaterialsTableViewController.h */ = {isa = PBXFileReference; fileEncoding = 4; lastKnownFileType = sourcecode.c.h; path = MaterialsTableViewController.h; sourceTree = "<group>"; };
		CF91AE2B1BE9140800C99107 /* MaterialsTableViewController.m */ = {isa = PBXFileReference; fileEncoding = 4; lastKnownFileType = sourcecode.c.objc; path = MaterialsTableViewController.m; sourceTree = "<group>"; };
/* End PBXFileReference section */

/* Begin PBXFrameworksBuildPhase section */
		CF78B1801BCC110B00FDC2CF /* Frameworks */ = {
			isa = PBXFrameworksBuildPhase;
			buildActionMask = 2147483647;
			files = (
				CF2863DA1BDA99F40005ABA0 /* Social.framework in Frameworks */,
				CF2863D81BDA99ED0005ABA0 /* Accounts.framework in Frameworks */,
				CF2863D61BDA99E40005ABA0 /* libsqlite3.tbd in Frameworks */,
				CF2863D41BDA99DB0005ABA0 /* libz.tbd in Frameworks */,
				CF2863D21BDA99D20005ABA0 /* SystemConfiguration.framework in Frameworks */,
				CF2863D01BDA99C80005ABA0 /* StoreKit.framework in Frameworks */,
				CF2863CE1BDA99C10005ABA0 /* Security.framework in Frameworks */,
				CF2863CC1BDA99BA0005ABA0 /* QuartzCore.framework in Frameworks */,
				CF2863CA1BDA99B30005ABA0 /* CoreLocation.framework in Frameworks */,
				CF2863C81BDA99AC0005ABA0 /* CoreGraphics.framework in Frameworks */,
				CF2863C61BDA99A40005ABA0 /* CFNetwork.framework in Frameworks */,
				CF2863C41BDA999C0005ABA0 /* AudioToolbox.framework in Frameworks */,
				CF2863C21BDA996C0005ABA0 /* ParseUI.framework in Frameworks */,
				CF2863BC1BDA996C0005ABA0 /* Bolts.framework in Frameworks */,
				CF2863BE1BDA996C0005ABA0 /* ParseCrashReporting.framework in Frameworks */,
				CF2863C01BDA996C0005ABA0 /* ParseFacebookUtilsV4.framework in Frameworks */,
				CF2863BF1BDA996C0005ABA0 /* ParseFacebookUtils.framework in Frameworks */,
				CF2863B01BDA90540005ABA0 /* AddressBookUI.framework in Frameworks */,
				CF2863BD1BDA996C0005ABA0 /* Parse.framework in Frameworks */,
				CF2863C11BDA996C0005ABA0 /* ParseTwitterUtils.framework in Frameworks */,
				CF2863AE1BDA904C0005ABA0 /* AddressBook.framework in Frameworks */,
			);
			runOnlyForDeploymentPostprocessing = 0;
		};
		CF78B19C1BCC110B00FDC2CF /* Frameworks */ = {
			isa = PBXFrameworksBuildPhase;
			buildActionMask = 2147483647;
			files = (
			);
			runOnlyForDeploymentPostprocessing = 0;
		};
		CF78B1A71BCC110B00FDC2CF /* Frameworks */ = {
			isa = PBXFrameworksBuildPhase;
			buildActionMask = 2147483647;
			files = (
			);
			runOnlyForDeploymentPostprocessing = 0;
		};
/* End PBXFrameworksBuildPhase section */

/* Begin PBXGroup section */
		CF2863B41BDA996C0005ABA0 /* parse-library-1.9.0 */ = {
			isa = PBXGroup;
			children = (
				CF2863B51BDA996C0005ABA0 /* Bolts.framework */,
				CF2863B61BDA996C0005ABA0 /* Parse.framework */,
				CF2863B71BDA996C0005ABA0 /* ParseCrashReporting.framework */,
				CF2863B81BDA996C0005ABA0 /* ParseFacebookUtils.framework */,
				CF2863B91BDA996C0005ABA0 /* ParseFacebookUtilsV4.framework */,
				CF2863BA1BDA996C0005ABA0 /* ParseTwitterUtils.framework */,
				CF2863BB1BDA996C0005ABA0 /* ParseUI.framework */,
			);
			path = "parse-library-1.9.0";
			sourceTree = "<group>";
		};
		CF78B17A1BCC110B00FDC2CF = {
			isa = PBXGroup;
			children = (
				CF78B1C51BCC19DC00FDC2CF /* YTPlayerView-iframe-player.html */,
				CF78B1851BCC110B00FDC2CF /* QuickMARSales */,
				CF78B1A21BCC110B00FDC2CF /* QuickMARSalesTests */,
				CF78B1AD1BCC110B00FDC2CF /* QuickMARSalesUITests */,
				CF78B1841BCC110B00FDC2CF /* Products */,
			);
			sourceTree = "<group>";
		};
		CF78B1841BCC110B00FDC2CF /* Products */ = {
			isa = PBXGroup;
			children = (
				CF78B1831BCC110B00FDC2CF /* QuickMARSales.app */,
				CF78B19F1BCC110B00FDC2CF /* QuickMARSalesTests.xctest */,
				CF78B1AA1BCC110B00FDC2CF /* QuickMARSalesUITests.xctest */,
			);
			name = Products;
			sourceTree = "<group>";
		};
		CF78B1851BCC110B00FDC2CF /* QuickMARSales */ = {
			isa = PBXGroup;
			children = (
				CF661CA21BEA74AA00818B7C /* Appearance.h */,
				CF661CA31BEA74AA00818B7C /* Appearance.m */,
				CF2863DB1BDAA5570005ABA0 /* Person.h */,
				CF2863DC1BDAA5570005ABA0 /* Person.m */,
				CF2863DE1BDAA56B0005ABA0 /* PersonController.h */,
				CF2863DF1BDAA56B0005ABA0 /* PersonController.m */,
				CF78B1891BCC110B00FDC2CF /* AppDelegate.h */,
				CF78B18A1BCC110B00FDC2CF /* AppDelegate.m */,
				CF78B1BC1BCC12DD00FDC2CF /* HomeViewController.h */,
				CF78B1BD1BCC12DD00FDC2CF /* HomeViewController.m */,
				CF78B1BF1BCC130500FDC2CF /* SalesToolsViewController.h */,
				CF78B1C01BCC130500FDC2CF /* SalesToolsViewController.m */,
				CF78B1C21BCC132400FDC2CF /* HandyRefViewController.h */,
				CF78B1C31BCC132400FDC2CF /* HandyRefViewController.m */,
				CF1DDED41BE3B5CA00B57D5F /* CustomHandyRefCell.h */,
				CF1DDED51BE3B5CA00B57D5F /* CustomHandyRefCell.m */,
				CF2863A71BDA8B860005ABA0 /* ElevatorPitchViewController.h */,
				CF2863A81BDA8B860005ABA0 /* ElevatorPitchViewController.m */,
				CF2863AA1BDA8F610005ABA0 /* CRMTableVC.h */,
				CF2863AB1BDA8F610005ABA0 /* CRMTableVC.m */,
				CF1C41D31BE7B06600B834EF /* ContactsTableViewController.h */,
				CF1C41D41BE7B06600B834EF /* ContactsTableViewController.m */,
				CF2863B11BDA98820005ABA0 /* CustomPersonCell.h */,
				CF2863B21BDA98820005ABA0 /* CustomPersonCell.m */,
				CF91AE2A1BE9140800C99107 /* MaterialsTableViewController.h */,
				CF91AE2B1BE9140800C99107 /* MaterialsTableViewController.m */,
				CF78B1921BCC110B00FDC2CF /* Main.storyboard */,
				CF78B1951BCC110B00FDC2CF /* Assets.xcassets */,
				CF78B1971BCC110B00FDC2CF /* LaunchScreen.storyboard */,
				CF78B19A1BCC110B00FDC2CF /* Info.plist */,
				CF78B1861BCC110B00FDC2CF /* Supporting Files */,
			);
			path = QuickMARSales;
			sourceTree = "<group>";
		};
		CF78B1861BCC110B00FDC2CF /* Supporting Files */ = {
			isa = PBXGroup;
			children = (
				CF2863B41BDA996C0005ABA0 /* parse-library-1.9.0 */,
				CF2863D91BDA99F40005ABA0 /* Social.framework */,
				CF2863D71BDA99ED0005ABA0 /* Accounts.framework */,
				CF2863D51BDA99E40005ABA0 /* libsqlite3.tbd */,
				CF2863D31BDA99DB0005ABA0 /* libz.tbd */,
				CF2863D11BDA99D20005ABA0 /* SystemConfiguration.framework */,
				CF2863CF1BDA99C80005ABA0 /* StoreKit.framework */,
				CF2863CD1BDA99C10005ABA0 /* Security.framework */,
				CF2863CB1BDA99BA0005ABA0 /* QuartzCore.framework */,
				CF2863C91BDA99B30005ABA0 /* CoreLocation.framework */,
				CF2863C71BDA99AC0005ABA0 /* CoreGraphics.framework */,
				CF2863C51BDA99A40005ABA0 /* CFNetwork.framework */,
				CF2863C31BDA999C0005ABA0 /* AudioToolbox.framework */,
				CF2863AF1BDA90540005ABA0 /* AddressBookUI.framework */,
				CF2863AD1BDA904C0005ABA0 /* AddressBook.framework */,
				CF78B1C71BCC19E600FDC2CF /* YTPlayerView.h */,
				CF78B1C81BCC19E600FDC2CF /* YTPlayerView.m */,
				CF78B1871BCC110B00FDC2CF /* main.m */,
			);
			name = "Supporting Files";
			sourceTree = "<group>";
		};
		CF78B1A21BCC110B00FDC2CF /* QuickMARSalesTests */ = {
			isa = PBXGroup;
			children = (
				CF78B1A31BCC110B00FDC2CF /* QuickMARSalesTests.m */,
				CF78B1A51BCC110B00FDC2CF /* Info.plist */,
			);
			path = QuickMARSalesTests;
			sourceTree = "<group>";
		};
		CF78B1AD1BCC110B00FDC2CF /* QuickMARSalesUITests */ = {
			isa = PBXGroup;
			children = (
				CF78B1AE1BCC110B00FDC2CF /* QuickMARSalesUITests.m */,
				CF78B1B01BCC110B00FDC2CF /* Info.plist */,
			);
			path = QuickMARSalesUITests;
			sourceTree = "<group>";
		};
/* End PBXGroup section */

/* Begin PBXNativeTarget section */
		CF78B1821BCC110B00FDC2CF /* QuickMARSales */ = {
			isa = PBXNativeTarget;
			buildConfigurationList = CF78B1B31BCC110B00FDC2CF /* Build configuration list for PBXNativeTarget "QuickMARSales" */;
			buildPhases = (
				CF78B17F1BCC110B00FDC2CF /* Sources */,
				CF78B1801BCC110B00FDC2CF /* Frameworks */,
				CF78B1811BCC110B00FDC2CF /* Resources */,
			);
			buildRules = (
			);
			dependencies = (
			);
			name = QuickMARSales;
			productName = QuickMARSales;
			productReference = CF78B1831BCC110B00FDC2CF /* QuickMARSales.app */;
			productType = "com.apple.product-type.application";
		};
		CF78B19E1BCC110B00FDC2CF /* QuickMARSalesTests */ = {
			isa = PBXNativeTarget;
			buildConfigurationList = CF78B1B61BCC110B00FDC2CF /* Build configuration list for PBXNativeTarget "QuickMARSalesTests" */;
			buildPhases = (
				CF78B19B1BCC110B00FDC2CF /* Sources */,
				CF78B19C1BCC110B00FDC2CF /* Frameworks */,
				CF78B19D1BCC110B00FDC2CF /* Resources */,
			);
			buildRules = (
			);
			dependencies = (
				CF78B1A11BCC110B00FDC2CF /* PBXTargetDependency */,
			);
			name = QuickMARSalesTests;
			productName = QuickMARSalesTests;
			productReference = CF78B19F1BCC110B00FDC2CF /* QuickMARSalesTests.xctest */;
			productType = "com.apple.product-type.bundle.unit-test";
		};
		CF78B1A91BCC110B00FDC2CF /* QuickMARSalesUITests */ = {
			isa = PBXNativeTarget;
			buildConfigurationList = CF78B1B91BCC110B00FDC2CF /* Build configuration list for PBXNativeTarget "QuickMARSalesUITests" */;
			buildPhases = (
				CF78B1A61BCC110B00FDC2CF /* Sources */,
				CF78B1A71BCC110B00FDC2CF /* Frameworks */,
				CF78B1A81BCC110B00FDC2CF /* Resources */,
			);
			buildRules = (
			);
			dependencies = (
				CF78B1AC1BCC110B00FDC2CF /* PBXTargetDependency */,
			);
			name = QuickMARSalesUITests;
			productName = QuickMARSalesUITests;
			productReference = CF78B1AA1BCC110B00FDC2CF /* QuickMARSalesUITests.xctest */;
			productType = "com.apple.product-type.bundle.ui-testing";
		};
/* End PBXNativeTarget section */

/* Begin PBXProject section */
		CF78B17B1BCC110B00FDC2CF /* Project object */ = {
			isa = PBXProject;
			attributes = {
				LastUpgradeCheck = 0700;
				ORGANIZATIONNAME = Dalton;
				TargetAttributes = {
					CF78B1821BCC110B00FDC2CF = {
						CreatedOnToolsVersion = 7.0.1;
					};
					CF78B19E1BCC110B00FDC2CF = {
						CreatedOnToolsVersion = 7.0.1;
						TestTargetID = CF78B1821BCC110B00FDC2CF;
					};
					CF78B1A91BCC110B00FDC2CF = {
						CreatedOnToolsVersion = 7.0.1;
						TestTargetID = CF78B1821BCC110B00FDC2CF;
					};
				};
			};
			buildConfigurationList = CF78B17E1BCC110B00FDC2CF /* Build configuration list for PBXProject "QuickMARSales" */;
			compatibilityVersion = "Xcode 3.2";
			developmentRegion = English;
			hasScannedForEncodings = 0;
			knownRegions = (
				en,
				Base,
			);
			mainGroup = CF78B17A1BCC110B00FDC2CF;
			productRefGroup = CF78B1841BCC110B00FDC2CF /* Products */;
			projectDirPath = "";
			projectRoot = "";
			targets = (
				CF78B1821BCC110B00FDC2CF /* QuickMARSales */,
				CF78B19E1BCC110B00FDC2CF /* QuickMARSalesTests */,
				CF78B1A91BCC110B00FDC2CF /* QuickMARSalesUITests */,
			);
		};
/* End PBXProject section */

/* Begin PBXResourcesBuildPhase section */
		CF78B1811BCC110B00FDC2CF /* Resources */ = {
			isa = PBXResourcesBuildPhase;
			buildActionMask = 2147483647;
			files = (
				CF78B1991BCC110B00FDC2CF /* LaunchScreen.storyboard in Resources */,
				CF78B1961BCC110B00FDC2CF /* Assets.xcassets in Resources */,
				CF78B1C61BCC19DC00FDC2CF /* YTPlayerView-iframe-player.html in Resources */,
				CF78B1941BCC110B00FDC2CF /* Main.storyboard in Resources */,
			);
			runOnlyForDeploymentPostprocessing = 0;
		};
		CF78B19D1BCC110B00FDC2CF /* Resources */ = {
			isa = PBXResourcesBuildPhase;
			buildActionMask = 2147483647;
			files = (
			);
			runOnlyForDeploymentPostprocessing = 0;
		};
		CF78B1A81BCC110B00FDC2CF /* Resources */ = {
			isa = PBXResourcesBuildPhase;
			buildActionMask = 2147483647;
			files = (
			);
			runOnlyForDeploymentPostprocessing = 0;
		};
/* End PBXResourcesBuildPhase section */

/* Begin PBXSourcesBuildPhase section */
		CF78B17F1BCC110B00FDC2CF /* Sources */ = {
			isa = PBXSourcesBuildPhase;
			buildActionMask = 2147483647;
			files = (
				CF78B18B1BCC110B00FDC2CF /* AppDelegate.m in Sources */,
				CF2863A91BDA8B860005ABA0 /* ElevatorPitchViewController.m in Sources */,
				CF2863DD1BDAA5570005ABA0 /* Person.m in Sources */,
				CF2863AC1BDA8F610005ABA0 /* CRMTableVC.m in Sources */,
				CF661CA41BEA74AA00818B7C /* Appearance.m in Sources */,
				CF91AE2C1BE9140800C99107 /* MaterialsTableViewController.m in Sources */,
				CF78B1C11BCC130500FDC2CF /* SalesToolsViewController.m in Sources */,
				CF1C41D51BE7B06600B834EF /* ContactsTableViewController.m in Sources */,
				CF78B1C91BCC19E600FDC2CF /* YTPlayerView.m in Sources */,
				CF78B1C41BCC132400FDC2CF /* HandyRefViewController.m in Sources */,
				CF1DDED61BE3B5CA00B57D5F /* CustomHandyRefCell.m in Sources */,
				CF78B1881BCC110B00FDC2CF /* main.m in Sources */,
				CF2863B31BDA98820005ABA0 /* CustomPersonCell.m in Sources */,
				CF2863E01BDAA56B0005ABA0 /* PersonController.m in Sources */,
				CF78B1BE1BCC12DD00FDC2CF /* HomeViewController.m in Sources */,
			);
			runOnlyForDeploymentPostprocessing = 0;
		};
		CF78B19B1BCC110B00FDC2CF /* Sources */ = {
			isa = PBXSourcesBuildPhase;
			buildActionMask = 2147483647;
			files = (
				CF78B1A41BCC110B00FDC2CF /* QuickMARSalesTests.m in Sources */,
			);
			runOnlyForDeploymentPostprocessing = 0;
		};
		CF78B1A61BCC110B00FDC2CF /* Sources */ = {
			isa = PBXSourcesBuildPhase;
			buildActionMask = 2147483647;
			files = (
				CF78B1AF1BCC110B00FDC2CF /* QuickMARSalesUITests.m in Sources */,
			);
			runOnlyForDeploymentPostprocessing = 0;
		};
/* End PBXSourcesBuildPhase section */

/* Begin PBXTargetDependency section */
		CF78B1A11BCC110B00FDC2CF /* PBXTargetDependency */ = {
			isa = PBXTargetDependency;
			target = CF78B1821BCC110B00FDC2CF /* QuickMARSales */;
			targetProxy = CF78B1A01BCC110B00FDC2CF /* PBXContainerItemProxy */;
		};
		CF78B1AC1BCC110B00FDC2CF /* PBXTargetDependency */ = {
			isa = PBXTargetDependency;
			target = CF78B1821BCC110B00FDC2CF /* QuickMARSales */;
			targetProxy = CF78B1AB1BCC110B00FDC2CF /* PBXContainerItemProxy */;
		};
/* End PBXTargetDependency section */

/* Begin PBXVariantGroup section */
		CF78B1921BCC110B00FDC2CF /* Main.storyboard */ = {
			isa = PBXVariantGroup;
			children = (
				CF78B1931BCC110B00FDC2CF /* Base */,
			);
			name = Main.storyboard;
			sourceTree = "<group>";
		};
		CF78B1971BCC110B00FDC2CF /* LaunchScreen.storyboard */ = {
			isa = PBXVariantGroup;
			children = (
				CF78B1981BCC110B00FDC2CF /* Base */,
			);
			name = LaunchScreen.storyboard;
			sourceTree = "<group>";
		};
/* End PBXVariantGroup section */

/* Begin XCBuildConfiguration section */
		CF78B1B11BCC110B00FDC2CF /* Debug */ = {
			isa = XCBuildConfiguration;
			buildSettings = {
				ALWAYS_SEARCH_USER_PATHS = NO;
				CLANG_CXX_LANGUAGE_STANDARD = "gnu++0x";
				CLANG_CXX_LIBRARY = "libc++";
				CLANG_ENABLE_MODULES = YES;
				CLANG_ENABLE_OBJC_ARC = YES;
				CLANG_WARN_BOOL_CONVERSION = YES;
				CLANG_WARN_CONSTANT_CONVERSION = YES;
				CLANG_WARN_DIRECT_OBJC_ISA_USAGE = YES_ERROR;
				CLANG_WARN_EMPTY_BODY = YES;
				CLANG_WARN_ENUM_CONVERSION = YES;
				CLANG_WARN_INT_CONVERSION = YES;
				CLANG_WARN_OBJC_ROOT_CLASS = YES_ERROR;
				CLANG_WARN_UNREACHABLE_CODE = YES;
				CLANG_WARN__DUPLICATE_METHOD_MATCH = YES;
				"CODE_SIGN_IDENTITY[sdk=iphoneos*]" = "iPhone Developer";
				COPY_PHASE_STRIP = NO;
				DEBUG_INFORMATION_FORMAT = dwarf;
				ENABLE_STRICT_OBJC_MSGSEND = YES;
				ENABLE_TESTABILITY = YES;
				GCC_C_LANGUAGE_STANDARD = gnu99;
				GCC_DYNAMIC_NO_PIC = NO;
				GCC_NO_COMMON_BLOCKS = YES;
				GCC_OPTIMIZATION_LEVEL = 0;
				GCC_PREPROCESSOR_DEFINITIONS = (
					"DEBUG=1",
					"$(inherited)",
				);
				GCC_WARN_64_TO_32_BIT_CONVERSION = YES;
				GCC_WARN_ABOUT_RETURN_TYPE = YES_ERROR;
				GCC_WARN_UNDECLARED_SELECTOR = YES;
				GCC_WARN_UNINITIALIZED_AUTOS = YES_AGGRESSIVE;
				GCC_WARN_UNUSED_FUNCTION = YES;
				GCC_WARN_UNUSED_VARIABLE = YES;
				IPHONEOS_DEPLOYMENT_TARGET = 9.0;
				MTL_ENABLE_DEBUG_INFO = YES;
				ONLY_ACTIVE_ARCH = YES;
				SDKROOT = iphoneos;
			};
			name = Debug;
		};
		CF78B1B21BCC110B00FDC2CF /* Release */ = {
			isa = XCBuildConfiguration;
			buildSettings = {
				ALWAYS_SEARCH_USER_PATHS = NO;
				CLANG_CXX_LANGUAGE_STANDARD = "gnu++0x";
				CLANG_CXX_LIBRARY = "libc++";
				CLANG_ENABLE_MODULES = YES;
				CLANG_ENABLE_OBJC_ARC = YES;
				CLANG_WARN_BOOL_CONVERSION = YES;
				CLANG_WARN_CONSTANT_CONVERSION = YES;
				CLANG_WARN_DIRECT_OBJC_ISA_USAGE = YES_ERROR;
				CLANG_WARN_EMPTY_BODY = YES;
				CLANG_WARN_ENUM_CONVERSION = YES;
				CLANG_WARN_INT_CONVERSION = YES;
				CLANG_WARN_OBJC_ROOT_CLASS = YES_ERROR;
				CLANG_WARN_UNREACHABLE_CODE = YES;
				CLANG_WARN__DUPLICATE_METHOD_MATCH = YES;
				"CODE_SIGN_IDENTITY[sdk=iphoneos*]" = "iPhone Developer";
				COPY_PHASE_STRIP = NO;
				DEBUG_INFORMATION_FORMAT = "dwarf-with-dsym";
				ENABLE_NS_ASSERTIONS = NO;
				ENABLE_STRICT_OBJC_MSGSEND = YES;
				GCC_C_LANGUAGE_STANDARD = gnu99;
				GCC_NO_COMMON_BLOCKS = YES;
				GCC_WARN_64_TO_32_BIT_CONVERSION = YES;
				GCC_WARN_ABOUT_RETURN_TYPE = YES_ERROR;
				GCC_WARN_UNDECLARED_SELECTOR = YES;
				GCC_WARN_UNINITIALIZED_AUTOS = YES_AGGRESSIVE;
				GCC_WARN_UNUSED_FUNCTION = YES;
				GCC_WARN_UNUSED_VARIABLE = YES;
				IPHONEOS_DEPLOYMENT_TARGET = 9.0;
				MTL_ENABLE_DEBUG_INFO = NO;
				SDKROOT = iphoneos;
				VALIDATE_PRODUCT = YES;
			};
			name = Release;
		};
		CF78B1B41BCC110B00FDC2CF /* Debug */ = {
			isa = XCBuildConfiguration;
			buildSettings = {
				ASSETCATALOG_COMPILER_APPICON_NAME = AppIcon;
				FRAMEWORK_SEARCH_PATHS = (
					"$(inherited)",
					"$(PROJECT_DIR)/QuickMARSales/parse-library-1.9.0",
				);
				INFOPLIST_FILE = QuickMARSales/Info.plist;
				IPHONEOS_DEPLOYMENT_TARGET = 9.0;
				LD_RUNPATH_SEARCH_PATHS = "$(inherited) @executable_path/Frameworks";
				PRODUCT_BUNDLE_IDENTIFIER = com.dalton.QuickMARSales;
				PRODUCT_NAME = "$(TARGET_NAME)";
				TARGETED_DEVICE_FAMILY = "1,2";
			};
			name = Debug;
		};
		CF78B1B51BCC110B00FDC2CF /* Release */ = {
			isa = XCBuildConfiguration;
			buildSettings = {
				ASSETCATALOG_COMPILER_APPICON_NAME = AppIcon;
				FRAMEWORK_SEARCH_PATHS = (
					"$(inherited)",
					"$(PROJECT_DIR)/QuickMARSales/parse-library-1.9.0",
				);
				INFOPLIST_FILE = QuickMARSales/Info.plist;
				IPHONEOS_DEPLOYMENT_TARGET = 9.0;
				LD_RUNPATH_SEARCH_PATHS = "$(inherited) @executable_path/Frameworks";
				PRODUCT_BUNDLE_IDENTIFIER = com.dalton.QuickMARSales;
				PRODUCT_NAME = "$(TARGET_NAME)";
				TARGETED_DEVICE_FAMILY = "1,2";
			};
			name = Release;
		};
		CF78B1B71BCC110B00FDC2CF /* Debug */ = {
			isa = XCBuildConfiguration;
			buildSettings = {
				BUNDLE_LOADER = "$(TEST_HOST)";
				INFOPLIST_FILE = QuickMARSalesTests/Info.plist;
				LD_RUNPATH_SEARCH_PATHS = "$(inherited) @executable_path/Frameworks @loader_path/Frameworks";
				PRODUCT_BUNDLE_IDENTIFIER = com.dalton.QuickMARSalesTests;
				PRODUCT_NAME = "$(TARGET_NAME)";
				TEST_HOST = "$(BUILT_PRODUCTS_DIR)/QuickMARSales.app/QuickMARSales";
			};
			name = Debug;
		};
		CF78B1B81BCC110B00FDC2CF /* Release */ = {
			isa = XCBuildConfiguration;
			buildSettings = {
				BUNDLE_LOADER = "$(TEST_HOST)";
				INFOPLIST_FILE = QuickMARSalesTests/Info.plist;
				LD_RUNPATH_SEARCH_PATHS = "$(inherited) @executable_path/Frameworks @loader_path/Frameworks";
				PRODUCT_BUNDLE_IDENTIFIER = com.dalton.QuickMARSalesTests;
				PRODUCT_NAME = "$(TARGET_NAME)";
				TEST_HOST = "$(BUILT_PRODUCTS_DIR)/QuickMARSales.app/QuickMARSales";
			};
			name = Release;
		};
		CF78B1BA1BCC110B00FDC2CF /* Debug */ = {
			isa = XCBuildConfiguration;
			buildSettings = {
				INFOPLIST_FILE = QuickMARSalesUITests/Info.plist;
				LD_RUNPATH_SEARCH_PATHS = "$(inherited) @executable_path/Frameworks @loader_path/Frameworks";
				PRODUCT_BUNDLE_IDENTIFIER = com.dalton.QuickMARSalesUITests;
				PRODUCT_NAME = "$(TARGET_NAME)";
				TEST_TARGET_NAME = QuickMARSales;
				USES_XCTRUNNER = YES;
			};
			name = Debug;
		};
		CF78B1BB1BCC110B00FDC2CF /* Release */ = {
			isa = XCBuildConfiguration;
			buildSettings = {
				INFOPLIST_FILE = QuickMARSalesUITests/Info.plist;
				LD_RUNPATH_SEARCH_PATHS = "$(inherited) @executable_path/Frameworks @loader_path/Frameworks";
				PRODUCT_BUNDLE_IDENTIFIER = com.dalton.QuickMARSalesUITests;
				PRODUCT_NAME = "$(TARGET_NAME)";
				TEST_TARGET_NAME = QuickMARSales;
				USES_XCTRUNNER = YES;
			};
			name = Release;
		};
/* End XCBuildConfiguration section */

/* Begin XCConfigurationList section */
		CF78B17E1BCC110B00FDC2CF /* Build configuration list for PBXProject "QuickMARSales" */ = {
			isa = XCConfigurationList;
			buildConfigurations = (
				CF78B1B11BCC110B00FDC2CF /* Debug */,
				CF78B1B21BCC110B00FDC2CF /* Release */,
			);
			defaultConfigurationIsVisible = 0;
			defaultConfigurationName = Release;
		};
		CF78B1B31BCC110B00FDC2CF /* Build configuration list for PBXNativeTarget "QuickMARSales" */ = {
			isa = XCConfigurationList;
			buildConfigurations = (
				CF78B1B41BCC110B00FDC2CF /* Debug */,
				CF78B1B51BCC110B00FDC2CF /* Release */,
			);
			defaultConfigurationIsVisible = 0;
			defaultConfigurationName = Release;
		};
		CF78B1B61BCC110B00FDC2CF /* Build configuration list for PBXNativeTarget "QuickMARSalesTests" */ = {
			isa = XCConfigurationList;
			buildConfigurations = (
				CF78B1B71BCC110B00FDC2CF /* Debug */,
				CF78B1B81BCC110B00FDC2CF /* Release */,
			);
			defaultConfigurationIsVisible = 0;
			defaultConfigurationName = Release;
		};
		CF78B1B91BCC110B00FDC2CF /* Build configuration list for PBXNativeTarget "QuickMARSalesUITests" */ = {
			isa = XCConfigurationList;
			buildConfigurations = (
				CF78B1BA1BCC110B00FDC2CF /* Debug */,
				CF78B1BB1BCC110B00FDC2CF /* Release */,
			);
			defaultConfigurationIsVisible = 0;
			defaultConfigurationName = Release;
		};
/* End XCConfigurationList section */
	};
	rootObject = CF78B17B1BCC110B00FDC2CF /* Project object */;
}
